
Microsoft Visual Studio Solution File, Format Version 12.00
# Visual Studio 2013
VisualStudioVersion = 12.0.21005.1
MinimumVisualStudioVersion = 10.0.40219.1
Project("{FAE04EC0-301F-11D3-BF4B-00C04F79EFBC}") = "Dalaran", "Dalaran\Dalaran.csproj", "{0FFE4A2B-6282-4611-8DDC-BF9F3B545F63}"
EndProject
Project("{FAE04EC0-301F-11D3-BF4B-00C04F79EFBC}") = "Dalaran.DAL", "Dalaran.DAL\Dalaran.DAL.csproj", "{64529B24-D985-46E9-B92C-F8D51EB43BD9}"
EndProject
Project("{FAE04EC0-301F-11D3-BF4B-00C04F79EFBC}") = "Dalaran.Services", "Dalaran.Services\Dalaran.Services.csproj", "{4BA6F2C5-CBE5-416B-B2E7-DF124B6B5BB6}"
EndProject
Project("{FAE04EC0-301F-11D3-BF4B-00C04F79EFBC}") = "Dalaran.UnitTests", "Dalaran.UnitTests\Dalaran.UnitTests.csproj", "{98179B4F-1A50-4A23-90F8-687E7FA122DF}"
EndProject
Global
	GlobalSection(SolutionConfigurationPlatforms) = preSolution
		Debug|Any CPU = Debug|Any CPU
		Release|Any CPU = Release|Any CPU
	EndGlobalSection
	GlobalSection(ProjectConfigurationPlatforms) = postSolution
		{0FFE4A2B-6282-4611-8DDC-BF9F3B545F63}.Debug|Any CPU.ActiveCfg = Debug|Any CPU
		{0FFE4A2B-6282-4611-8DDC-BF9F3B545F63}.Debug|Any CPU.Build.0 = Debug|Any CPU
		{0FFE4A2B-6282-4611-8DDC-BF9F3B545F63}.Release|Any CPU.ActiveCfg = Release|Any CPU
		{0FFE4A2B-6282-4611-8DDC-BF9F3B545F63}.Release|Any CPU.Build.0 = Release|Any CPU
		{64529B24-D985-46E9-B92C-F8D51EB43BD9}.Debug|Any CPU.ActiveCfg = Debug|Any CPU
		{64529B24-D985-46E9-B92C-F8D51EB43BD9}.Debug|Any CPU.Build.0 = Debug|Any CPU
		{64529B24-D985-46E9-B92C-F8D51EB43BD9}.Release|Any CPU.ActiveCfg = Release|Any CPU
		{64529B24-D985-46E9-B92C-F8D51EB43BD9}.Release|Any CPU.Build.0 = Release|Any CPU
		{4BA6F2C5-CBE5-416B-B2E7-DF124B6B5BB6}.Debug|Any CPU.ActiveCfg = Debug|Any CPU
		{4BA6F2C5-CBE5-416B-B2E7-DF124B6B5BB6}.Debug|Any CPU.Build.0 = Debug|Any CPU
		{4BA6F2C5-CBE5-416B-B2E7-DF124B6B5BB6}.Release|Any CPU.ActiveCfg = Release|Any CPU
		{4BA6F2C5-CBE5-416B-B2E7-DF124B6B5BB6}.Release|Any CPU.Build.0 = Release|Any CPU
		{98179B4F-1A50-4A23-90F8-687E7FA122DF}.Debug|Any CPU.ActiveCfg = Debug|Any CPU
		{98179B4F-1A50-4A23-90F8-687E7FA122DF}.Debug|Any CPU.Build.0 = Debug|Any CPU
		{98179B4F-1A50-4A23-90F8-687E7FA122DF}.Release|Any CPU.ActiveCfg = Release|Any CPU
		{98179B4F-1A50-4A23-90F8-687E7FA122DF}.Release|Any CPU.Build.0 = Release|Any CPU
	EndGlobalSection
	GlobalSection(SolutionProperties) = preSolution
		HideSolutionNode = FALSE
	EndGlobalSection
EndGlobal
